
Microsoft Visual Studio Solution File, Format Version 12.00
# Visual Studio Version 17
VisualStudioVersion = 17.7.34202.233
MinimumVisualStudioVersion = 10.0.40219.1
Project("{FAE04EC0-301F-11D3-BF4B-00C04F79EFBC}") = "Praktiki", "Praktiki\Praktiki.csproj", "{1DCAAEB8-8652-4EC8-9AC8-CA2BFD2E04F1}"
EndProject
Project("{FAE04EC0-301F-11D3-BF4B-00C04F79EFBC}") = "Domain", "Domain\Domain.csproj", "{CFA4B6CF-EC50-4DD7-969A-339BDE64E2E9}"
EndProject
Project("{FAE04EC0-301F-11D3-BF4B-00C04F79EFBC}") = "Service", "Service\Service.csproj", "{D5024C00-C0DE-415B-AEAC-74468B472E63}"
EndProject
Global
	GlobalSection(SolutionConfigurationPlatforms) = preSolution
		Debug|Any CPU = Debug|Any CPU
		Release|Any CPU = Release|Any CPU
	EndGlobalSection
	GlobalSection(ProjectConfigurationPlatforms) = postSolution
		{1DCAAEB8-8652-4EC8-9AC8-CA2BFD2E04F1}.Debug|Any CPU.ActiveCfg = Debug|Any CPU
		{1DCAAEB8-8652-4EC8-9AC8-CA2BFD2E04F1}.Debug|Any CPU.Build.0 = Debug|Any CPU
		{1DCAAEB8-8652-4EC8-9AC8-CA2BFD2E04F1}.Release|Any CPU.ActiveCfg = Release|Any CPU
		{1DCAAEB8-8652-4EC8-9AC8-CA2BFD2E04F1}.Release|Any CPU.Build.0 = Release|Any CPU
		{CFA4B6CF-EC50-4DD7-969A-339BDE64E2E9}.Debug|Any CPU.ActiveCfg = Debug|Any CPU
		{CFA4B6CF-EC50-4DD7-969A-339BDE64E2E9}.Debug|Any CPU.Build.0 = Debug|Any CPU
		{CFA4B6CF-EC50-4DD7-969A-339BDE64E2E9}.Release|Any CPU.ActiveCfg = Release|Any CPU
		{CFA4B6CF-EC50-4DD7-969A-339BDE64E2E9}.Release|Any CPU.Build.0 = Release|Any CPU
		{D5024C00-C0DE-415B-AEAC-74468B472E63}.Debug|Any CPU.ActiveCfg = Debug|Any CPU
		{D5024C00-C0DE-415B-AEAC-74468B472E63}.Debug|Any CPU.Build.0 = Debug|Any CPU
		{D5024C00-C0DE-415B-AEAC-74468B472E63}.Release|Any CPU.ActiveCfg = Release|Any CPU
		{D5024C00-C0DE-415B-AEAC-74468B472E63}.Release|Any CPU.Build.0 = Release|Any CPU
	EndGlobalSection
	GlobalSection(SolutionProperties) = preSolution
		HideSolutionNode = FALSE
	EndGlobalSection
	GlobalSection(ExtensibilityGlobals) = postSolution
		SolutionGuid = {15ECA807-8C00-47B5-A281-238C49188B79}
	EndGlobalSection
EndGlobal
